
Microsoft Visual Studio Solution File, Format Version 12.00
# Visual Studio Version 17
VisualStudioVersion = 17.4.33122.133
MinimumVisualStudioVersion = 10.0.40219.1
Project("{9A19103F-16F7-4668-BE54-9A1E7A4F7556}") = "Mirpaha", "Mirpaha\Mirpaha.csproj", "{625E6A30-60EC-4C72-B402-A16997C35B5E}"
EndProject
Project("{FAE04EC0-301F-11D3-BF4B-00C04F79EFBC}") = "UnitTests", "UnitTests\UnitTests.csproj", "{C25A8B41-3756-4516-9CA8-3211991DEBBC}"
EndProject
Global
	GlobalSection(SolutionConfigurationPlatforms) = preSolution
		Debug|Any CPU = Debug|Any CPU
		Release|Any CPU = Release|Any CPU
	EndGlobalSection
	GlobalSection(ProjectConfigurationPlatforms) = postSolution
		{625E6A30-60EC-4C72-B402-A16997C35B5E}.Debug|Any CPU.ActiveCfg = Debug|Any CPU
		{625E6A30-60EC-4C72-B402-A16997C35B5E}.Debug|Any CPU.Build.0 = Debug|Any CPU
		{625E6A30-60EC-4C72-B402-A16997C35B5E}.Release|Any CPU.ActiveCfg = Release|Any CPU
		{625E6A30-60EC-4C72-B402-A16997C35B5E}.Release|Any CPU.Build.0 = Release|Any CPU
		{C25A8B41-3756-4516-9CA8-3211991DEBBC}.Debug|Any CPU.ActiveCfg = Debug|Any CPU
		{C25A8B41-3756-4516-9CA8-3211991DEBBC}.Debug|Any CPU.Build.0 = Debug|Any CPU
		{C25A8B41-3756-4516-9CA8-3211991DEBBC}.Release|Any CPU.ActiveCfg = Release|Any CPU
		{C25A8B41-3756-4516-9CA8-3211991DEBBC}.Release|Any CPU.Build.0 = Release|Any CPU
	EndGlobalSection
	GlobalSection(SolutionProperties) = preSolution
		HideSolutionNode = FALSE
	EndGlobalSection
	GlobalSection(ExtensibilityGlobals) = postSolution
		SolutionGuid = {61B521F3-9CCC-4F8D-B52B-59415EA99BF7}
	EndGlobalSection
EndGlobal
